// !$*UTF8*$!
{
	archiveVersion = 1;
	classes = {
	};
	objectVersion = 46;
	objects = {

/* Begin PBXBuildFile section */
		261E658019F89ADB00D12027 /* ScalesGameCoin.m in Sources */ = {isa = PBXBuildFile; fileRef = 261E657F19F89ADB00D12027 /* ScalesGameCoin.m */; };
		261E658319F978B200D12027 /* MainMenuView.m in Sources */ = {isa = PBXBuildFile; fileRef = 261E658219F978B200D12027 /* MainMenuView.m */; };
		2628DEF319EF2AB9003487ED /* TemplateIcon2x.png in Resources */ = {isa = PBXBuildFile; fileRef = 2628DEF119EF2AB9003487ED /* TemplateIcon2x.png */; };
		2628DEF619EF2DD8003487ED /* MatchingGamePhrases.txt in Resources */ = {isa = PBXBuildFile; fileRef = 2628DEF519EF2DD8003487ED /* MatchingGamePhrases.txt */; };
		26643E7D1A059FB400C50B72 /* ScalesGameController.m in Sources */ = {isa = PBXBuildFile; fileRef = 26643E781A059FB400C50B72 /* ScalesGameController.m */; };
		26643E7E1A059FB400C50B72 /* ScalesGameModel.m in Sources */ = {isa = PBXBuildFile; fileRef = 26643E7A1A059FB400C50B72 /* ScalesGameModel.m */; };
		26643E7F1A059FB400C50B72 /* ScalesGameView.m in Sources */ = {isa = PBXBuildFile; fileRef = 26643E7C1A059FB400C50B72 /* ScalesGameView.m */; };
		2692B35D19E84D3200EE08F8 /* StageController.m in Sources */ = {isa = PBXBuildFile; fileRef = 2692B35C19E84D3200EE08F8 /* StageController.m */; };
		2692B36019E84D4700EE08F8 /* StageView.m in Sources */ = {isa = PBXBuildFile; fileRef = 2692B35F19E84D4700EE08F8 /* StageView.m */; };
		2692B36319E84D8200EE08F8 /* StageModel.m in Sources */ = {isa = PBXBuildFile; fileRef = 2692B36219E84D8200EE08F8 /* StageModel.m */; };
		2692B36619E84DAE00EE08F8 /* InteriorModel.m in Sources */ = {isa = PBXBuildFile; fileRef = 2692B36519E84DAE00EE08F8 /* InteriorModel.m */; };
		2692B36919E84DD000EE08F8 /* InteriorController.m in Sources */ = {isa = PBXBuildFile; fileRef = 2692B36819E84DD000EE08F8 /* InteriorController.m */; };
		2692B36C19E84DE200EE08F8 /* InteriorView.m in Sources */ = {isa = PBXBuildFile; fileRef = 2692B36B19E84DE200EE08F8 /* InteriorView.m */; };
		2692B36F19E84DF100EE08F8 /* MapView.m in Sources */ = {isa = PBXBuildFile; fileRef = 2692B36E19E84DF100EE08F8 /* MapView.m */; };
		2692B37219E84E1300EE08F8 /* ProgressView.m in Sources */ = {isa = PBXBuildFile; fileRef = 2692B37119E84E1300EE08F8 /* ProgressView.m */; };
		2692B37819E995E300EE08F8 /* ViewController.m in Sources */ = {isa = PBXBuildFile; fileRef = 2692B37719E995E300EE08F8 /* ViewController.m */; };
		51D9447A19F8CC6E00335978 /* Character.m in Sources */ = {isa = PBXBuildFile; fileRef = 51D9447919F8CC6E00335978 /* Character.m */; };
		7F85AA151A0590FC00B687E8 /* InteriorTests.m in Sources */ = {isa = PBXBuildFile; fileRef = 7F85AA141A0590FC00B687E8 /* InteriorTests.m */; };
		7FDFDB6B1A05906400D7EEE3 /* StageTests.m in Sources */ = {isa = PBXBuildFile; fileRef = 7FDFDB6A1A05906400D7EEE3 /* StageTests.m */; };
		7FEFF16E1A02B8D000231C13 /* stage0.txt in Resources */ = {isa = PBXBuildFile; fileRef = 7FEFF16D1A02B8D000231C13 /* stage0.txt */; };
		7FF6C79519F6F58B00CA4D19 /* House.m in Sources */ = {isa = PBXBuildFile; fileRef = 7FF6C79419F6F58B00CA4D19 /* House.m */; };
		937AE89F19E73A4500CEB0E7 /* Foundation.framework in Frameworks */ = {isa = PBXBuildFile; fileRef = 937AE89E19E73A4500CEB0E7 /* Foundation.framework */; };
		937AE8A119E73A4500CEB0E7 /* CoreGraphics.framework in Frameworks */ = {isa = PBXBuildFile; fileRef = 937AE8A019E73A4500CEB0E7 /* CoreGraphics.framework */; };
		937AE8A319E73A4500CEB0E7 /* UIKit.framework in Frameworks */ = {isa = PBXBuildFile; fileRef = 937AE8A219E73A4500CEB0E7 /* UIKit.framework */; };
		937AE8A919E73A4500CEB0E7 /* InfoPlist.strings in Resources */ = {isa = PBXBuildFile; fileRef = 937AE8A719E73A4500CEB0E7 /* InfoPlist.strings */; };
		937AE8AB19E73A4500CEB0E7 /* main.m in Sources */ = {isa = PBXBuildFile; fileRef = 937AE8AA19E73A4500CEB0E7 /* main.m */; };
		937AE8AF19E73A4500CEB0E7 /* AppDelegate.m in Sources */ = {isa = PBXBuildFile; fileRef = 937AE8AE19E73A4500CEB0E7 /* AppDelegate.m */; };
		937AE8B219E73A4500CEB0E7 /* Main.storyboard in Resources */ = {isa = PBXBuildFile; fileRef = 937AE8B019E73A4500CEB0E7 /* Main.storyboard */; };
		937AE8B719E73A4500CEB0E7 /* Images.xcassets in Resources */ = {isa = PBXBuildFile; fileRef = 937AE8B619E73A4500CEB0E7 /* Images.xcassets */; };
		937AE8BE19E73A4500CEB0E7 /* XCTest.framework in Frameworks */ = {isa = PBXBuildFile; fileRef = 937AE8BD19E73A4500CEB0E7 /* XCTest.framework */; };
		937AE8BF19E73A4500CEB0E7 /* Foundation.framework in Frameworks */ = {isa = PBXBuildFile; fileRef = 937AE89E19E73A4500CEB0E7 /* Foundation.framework */; };
		937AE8C019E73A4500CEB0E7 /* UIKit.framework in Frameworks */ = {isa = PBXBuildFile; fileRef = 937AE8A219E73A4500CEB0E7 /* UIKit.framework */; };
		937AE8C819E73A4500CEB0E7 /* InfoPlist.strings in Resources */ = {isa = PBXBuildFile; fileRef = 937AE8C619E73A4500CEB0E7 /* InfoPlist.strings */; };
		937AE8CA19E73A4500CEB0E7 /* SilkRoadTests.m in Sources */ = {isa = PBXBuildFile; fileRef = 937AE8C919E73A4500CEB0E7 /* SilkRoadTests.m */; };
		937AE8E219E9A8C300CEB0E7 /* MatchingGameController.m in Sources */ = {isa = PBXBuildFile; fileRef = 937AE8DD19E9A8C300CEB0E7 /* MatchingGameController.m */; };
		937AE8E319E9A8C300CEB0E7 /* MatchingGameModel.m in Sources */ = {isa = PBXBuildFile; fileRef = 937AE8DF19E9A8C300CEB0E7 /* MatchingGameModel.m */; };
		937AE8E419E9A8C300CEB0E7 /* MatchingGameView.m in Sources */ = {isa = PBXBuildFile; fileRef = 937AE8E119E9A8C300CEB0E7 /* MatchingGameView.m */; };
		937AE8E619F0505B00CEB0E7 /* Dialogue.txt in Resources */ = {isa = PBXBuildFile; fileRef = 937AE8E519F0505B00CEB0E7 /* Dialogue.txt */; };
		937AE8F419F47A3B00CEB0E7 /* RoadPuzzle1.txt in Resources */ = {isa = PBXBuildFile; fileRef = 937AE8F319F47A3B00CEB0E7 /* RoadPuzzle1.txt */; };
		93CA8F691A00412E00B4B722 /* RoadGameController.m in Sources */ = {isa = PBXBuildFile; fileRef = 93CA8F641A00412E00B4B722 /* RoadGameController.m */; };
		93CA8F6A1A00412E00B4B722 /* RoadGameModel.m in Sources */ = {isa = PBXBuildFile; fileRef = 93CA8F661A00412E00B4B722 /* RoadGameModel.m */; };
		93CA8F6B1A00412E00B4B722 /* RoadGameView.m in Sources */ = {isa = PBXBuildFile; fileRef = 93CA8F681A00412E00B4B722 /* RoadGameView.m */; };
		93CA8F751A06C21D00B4B722 /* RoadGameTests.m in Sources */ = {isa = PBXBuildFile; fileRef = 93CA8F741A06C21D00B4B722 /* RoadGameTests.m */; };
/* End PBXBuildFile section */

/* Begin PBXContainerItemProxy section */
		937AE8C119E73A4500CEB0E7 /* PBXContainerItemProxy */ = {
			isa = PBXContainerItemProxy;
			containerPortal = 937AE89319E73A4500CEB0E7 /* Project object */;
			proxyType = 1;
			remoteGlobalIDString = 937AE89A19E73A4500CEB0E7;
			remoteInfo = SilkRoad;
		};
/* End PBXContainerItemProxy section */

/* Begin PBXFileReference section */
		261E657E19F89ADB00D12027 /* ScalesGameCoin.h */ = {isa = PBXFileReference; fileEncoding = 4; lastKnownFileType = sourcecode.c.h; path = ScalesGameCoin.h; sourceTree = "<group>"; };
		261E657F19F89ADB00D12027 /* ScalesGameCoin.m */ = {isa = PBXFileReference; fileEncoding = 4; lastKnownFileType = sourcecode.c.objc; path = ScalesGameCoin.m; sourceTree = "<group>"; };
		261E658119F978B200D12027 /* MainMenuView.h */ = {isa = PBXFileReference; fileEncoding = 4; lastKnownFileType = sourcecode.c.h; path = MainMenuView.h; sourceTree = "<group>"; };
		261E658219F978B200D12027 /* MainMenuView.m */ = {isa = PBXFileReference; fileEncoding = 4; lastKnownFileType = sourcecode.c.objc; path = MainMenuView.m; sourceTree = "<group>"; };
		2628DEF119EF2AB9003487ED /* TemplateIcon2x.png */ = {isa = PBXFileReference; lastKnownFileType = image.png; path = TemplateIcon2x.png; sourceTree = "<group>"; };
		2628DEF519EF2DD8003487ED /* MatchingGamePhrases.txt */ = {isa = PBXFileReference; fileEncoding = 4; lastKnownFileType = text; path = MatchingGamePhrases.txt; sourceTree = "<group>"; };
		26643E771A059FB400C50B72 /* ScalesGameController.h */ = {isa = PBXFileReference; fileEncoding = 4; lastKnownFileType = sourcecode.c.h; path = ScalesGameController.h; sourceTree = "<group>"; };
		26643E781A059FB400C50B72 /* ScalesGameController.m */ = {isa = PBXFileReference; fileEncoding = 4; lastKnownFileType = sourcecode.c.objc; path = ScalesGameController.m; sourceTree = "<group>"; };
		26643E791A059FB400C50B72 /* ScalesGameModel.h */ = {isa = PBXFileReference; fileEncoding = 4; lastKnownFileType = sourcecode.c.h; path = ScalesGameModel.h; sourceTree = "<group>"; };
		26643E7A1A059FB400C50B72 /* ScalesGameModel.m */ = {isa = PBXFileReference; fileEncoding = 4; lastKnownFileType = sourcecode.c.objc; path = ScalesGameModel.m; sourceTree = "<group>"; };
		26643E7B1A059FB400C50B72 /* ScalesGameView.h */ = {isa = PBXFileReference; fileEncoding = 4; lastKnownFileType = sourcecode.c.h; path = ScalesGameView.h; sourceTree = "<group>"; };
		26643E7C1A059FB400C50B72 /* ScalesGameView.m */ = {isa = PBXFileReference; fileEncoding = 4; lastKnownFileType = sourcecode.c.objc; path = ScalesGameView.m; sourceTree = "<group>"; };
		2692B35B19E84D3200EE08F8 /* StageController.h */ = {isa = PBXFileReference; fileEncoding = 4; lastKnownFileType = sourcecode.c.h; path = StageController.h; sourceTree = "<group>"; };
		2692B35C19E84D3200EE08F8 /* StageController.m */ = {isa = PBXFileReference; fileEncoding = 4; lastKnownFileType = sourcecode.c.objc; path = StageController.m; sourceTree = "<group>"; };
		2692B35E19E84D4700EE08F8 /* StageView.h */ = {isa = PBXFileReference; fileEncoding = 4; lastKnownFileType = sourcecode.c.h; path = StageView.h; sourceTree = "<group>"; };
		2692B35F19E84D4700EE08F8 /* StageView.m */ = {isa = PBXFileReference; fileEncoding = 4; lastKnownFileType = sourcecode.c.objc; path = StageView.m; sourceTree = "<group>"; };
		2692B36119E84D8200EE08F8 /* StageModel.h */ = {isa = PBXFileReference; fileEncoding = 4; lastKnownFileType = sourcecode.c.h; path = StageModel.h; sourceTree = "<group>"; };
		2692B36219E84D8200EE08F8 /* StageModel.m */ = {isa = PBXFileReference; fileEncoding = 4; lastKnownFileType = sourcecode.c.objc; path = StageModel.m; sourceTree = "<group>"; };
		2692B36419E84DAE00EE08F8 /* InteriorModel.h */ = {isa = PBXFileReference; fileEncoding = 4; lastKnownFileType = sourcecode.c.h; path = InteriorModel.h; sourceTree = "<group>"; };
		2692B36519E84DAE00EE08F8 /* InteriorModel.m */ = {isa = PBXFileReference; fileEncoding = 4; lastKnownFileType = sourcecode.c.objc; path = InteriorModel.m; sourceTree = "<group>"; };
		2692B36719E84DCF00EE08F8 /* InteriorController.h */ = {isa = PBXFileReference; fileEncoding = 4; lastKnownFileType = sourcecode.c.h; path = InteriorController.h; sourceTree = "<group>"; };
		2692B36819E84DD000EE08F8 /* InteriorController.m */ = {isa = PBXFileReference; fileEncoding = 4; lastKnownFileType = sourcecode.c.objc; path = InteriorController.m; sourceTree = "<group>"; };
		2692B36A19E84DE200EE08F8 /* InteriorView.h */ = {isa = PBXFileReference; fileEncoding = 4; lastKnownFileType = sourcecode.c.h; path = InteriorView.h; sourceTree = "<group>"; };
		2692B36B19E84DE200EE08F8 /* InteriorView.m */ = {isa = PBXFileReference; fileEncoding = 4; lastKnownFileType = sourcecode.c.objc; path = InteriorView.m; sourceTree = "<group>"; };
		2692B36D19E84DF100EE08F8 /* MapView.h */ = {isa = PBXFileReference; fileEncoding = 4; lastKnownFileType = sourcecode.c.h; path = MapView.h; sourceTree = "<group>"; };
		2692B36E19E84DF100EE08F8 /* MapView.m */ = {isa = PBXFileReference; fileEncoding = 4; lastKnownFileType = sourcecode.c.objc; path = MapView.m; sourceTree = "<group>"; };
		2692B37019E84E1300EE08F8 /* ProgressView.h */ = {isa = PBXFileReference; fileEncoding = 4; lastKnownFileType = sourcecode.c.h; path = ProgressView.h; sourceTree = "<group>"; };
		2692B37119E84E1300EE08F8 /* ProgressView.m */ = {isa = PBXFileReference; fileEncoding = 4; lastKnownFileType = sourcecode.c.objc; path = ProgressView.m; sourceTree = "<group>"; };
		2692B37619E995E300EE08F8 /* ViewController.h */ = {isa = PBXFileReference; fileEncoding = 4; lastKnownFileType = sourcecode.c.h; path = ViewController.h; sourceTree = "<group>"; };
		2692B37719E995E300EE08F8 /* ViewController.m */ = {isa = PBXFileReference; fileEncoding = 4; lastKnownFileType = sourcecode.c.objc; path = ViewController.m; sourceTree = "<group>"; wrapsLines = 0; };
		51D9447819F8CC6E00335978 /* Character.h */ = {isa = PBXFileReference; fileEncoding = 4; lastKnownFileType = sourcecode.c.h; path = Character.h; sourceTree = "<group>"; };
		51D9447919F8CC6E00335978 /* Character.m */ = {isa = PBXFileReference; fileEncoding = 4; lastKnownFileType = sourcecode.c.objc; path = Character.m; sourceTree = "<group>"; };
		7F85AA141A0590FC00B687E8 /* InteriorTests.m */ = {isa = PBXFileReference; fileEncoding = 4; lastKnownFileType = sourcecode.c.objc; path = InteriorTests.m; sourceTree = "<group>"; };
		7FDFDB6A1A05906400D7EEE3 /* StageTests.m */ = {isa = PBXFileReference; fileEncoding = 4; lastKnownFileType = sourcecode.c.objc; path = StageTests.m; sourceTree = "<group>"; };
		7FEFF16D1A02B8D000231C13 /* stage0.txt */ = {isa = PBXFileReference; fileEncoding = 4; lastKnownFileType = text; path = stage0.txt; sourceTree = "<group>"; };
		7FF6C79319F6F58B00CA4D19 /* House.h */ = {isa = PBXFileReference; fileEncoding = 4; lastKnownFileType = sourcecode.c.h; path = House.h; sourceTree = "<group>"; };
		7FF6C79419F6F58B00CA4D19 /* House.m */ = {isa = PBXFileReference; fileEncoding = 4; lastKnownFileType = sourcecode.c.objc; path = House.m; sourceTree = "<group>"; };
		937AE89B19E73A4500CEB0E7 /* SilkRoad.app */ = {isa = PBXFileReference; explicitFileType = wrapper.application; includeInIndex = 0; path = SilkRoad.app; sourceTree = BUILT_PRODUCTS_DIR; };
		937AE89E19E73A4500CEB0E7 /* Foundation.framework */ = {isa = PBXFileReference; lastKnownFileType = wrapper.framework; name = Foundation.framework; path = System/Library/Frameworks/Foundation.framework; sourceTree = SDKROOT; };
		937AE8A019E73A4500CEB0E7 /* CoreGraphics.framework */ = {isa = PBXFileReference; lastKnownFileType = wrapper.framework; name = CoreGraphics.framework; path = System/Library/Frameworks/CoreGraphics.framework; sourceTree = SDKROOT; };
		937AE8A219E73A4500CEB0E7 /* UIKit.framework */ = {isa = PBXFileReference; lastKnownFileType = wrapper.framework; name = UIKit.framework; path = System/Library/Frameworks/UIKit.framework; sourceTree = SDKROOT; };
		937AE8A619E73A4500CEB0E7 /* SilkRoad-Info.plist */ = {isa = PBXFileReference; lastKnownFileType = text.plist.xml; path = "SilkRoad-Info.plist"; sourceTree = "<group>"; };
		937AE8A819E73A4500CEB0E7 /* en */ = {isa = PBXFileReference; lastKnownFileType = text.plist.strings; name = en; path = en.lproj/InfoPlist.strings; sourceTree = "<group>"; };
		937AE8AA19E73A4500CEB0E7 /* main.m */ = {isa = PBXFileReference; lastKnownFileType = sourcecode.c.objc; path = main.m; sourceTree = "<group>"; };
		937AE8AC19E73A4500CEB0E7 /* SilkRoad-Prefix.pch */ = {isa = PBXFileReference; lastKnownFileType = sourcecode.c.h; path = "SilkRoad-Prefix.pch"; sourceTree = "<group>"; };
		937AE8AD19E73A4500CEB0E7 /* AppDelegate.h */ = {isa = PBXFileReference; lastKnownFileType = sourcecode.c.h; path = AppDelegate.h; sourceTree = "<group>"; };
		937AE8AE19E73A4500CEB0E7 /* AppDelegate.m */ = {isa = PBXFileReference; lastKnownFileType = sourcecode.c.objc; path = AppDelegate.m; sourceTree = "<group>"; };
		937AE8B119E73A4500CEB0E7 /* Base */ = {isa = PBXFileReference; lastKnownFileType = file.storyboard; name = Base; path = Base.lproj/Main.storyboard; sourceTree = "<group>"; };
		937AE8B619E73A4500CEB0E7 /* Images.xcassets */ = {isa = PBXFileReference; lastKnownFileType = folder.assetcatalog; path = Images.xcassets; sourceTree = "<group>"; };
		937AE8BC19E73A4500CEB0E7 /* SilkRoadTests.xctest */ = {isa = PBXFileReference; explicitFileType = wrapper.cfbundle; includeInIndex = 0; path = SilkRoadTests.xctest; sourceTree = BUILT_PRODUCTS_DIR; };
		937AE8BD19E73A4500CEB0E7 /* XCTest.framework */ = {isa = PBXFileReference; lastKnownFileType = wrapper.framework; name = XCTest.framework; path = Library/Frameworks/XCTest.framework; sourceTree = DEVELOPER_DIR; };
		937AE8C519E73A4500CEB0E7 /* SilkRoadTests-Info.plist */ = {isa = PBXFileReference; lastKnownFileType = text.plist.xml; path = "SilkRoadTests-Info.plist"; sourceTree = "<group>"; };
		937AE8C719E73A4500CEB0E7 /* en */ = {isa = PBXFileReference; lastKnownFileType = text.plist.strings; name = en; path = en.lproj/InfoPlist.strings; sourceTree = "<group>"; };
		937AE8C919E73A4500CEB0E7 /* SilkRoadTests.m */ = {isa = PBXFileReference; lastKnownFileType = sourcecode.c.objc; path = SilkRoadTests.m; sourceTree = "<group>"; };
		937AE8DC19E9A8C300CEB0E7 /* MatchingGameController.h */ = {isa = PBXFileReference; fileEncoding = 4; lastKnownFileType = sourcecode.c.h; path = MatchingGameController.h; sourceTree = "<group>"; };
		937AE8DD19E9A8C300CEB0E7 /* MatchingGameController.m */ = {isa = PBXFileReference; fileEncoding = 4; lastKnownFileType = sourcecode.c.objc; path = MatchingGameController.m; sourceTree = "<group>"; };
		937AE8DE19E9A8C300CEB0E7 /* MatchingGameModel.h */ = {isa = PBXFileReference; fileEncoding = 4; lastKnownFileType = sourcecode.c.h; path = MatchingGameModel.h; sourceTree = "<group>"; };
		937AE8DF19E9A8C300CEB0E7 /* MatchingGameModel.m */ = {isa = PBXFileReference; fileEncoding = 4; lastKnownFileType = sourcecode.c.objc; path = MatchingGameModel.m; sourceTree = "<group>"; };
		937AE8E019E9A8C300CEB0E7 /* MatchingGameView.h */ = {isa = PBXFileReference; fileEncoding = 4; lastKnownFileType = sourcecode.c.h; path = MatchingGameView.h; sourceTree = "<group>"; };
		937AE8E119E9A8C300CEB0E7 /* MatchingGameView.m */ = {isa = PBXFileReference; fileEncoding = 4; lastKnownFileType = sourcecode.c.objc; path = MatchingGameView.m; sourceTree = "<group>"; };
		937AE8E519F0505B00CEB0E7 /* Dialogue.txt */ = {isa = PBXFileReference; fileEncoding = 4; lastKnownFileType = text; path = Dialogue.txt; sourceTree = "<group>"; };
		937AE8F319F47A3B00CEB0E7 /* RoadPuzzle1.txt */ = {isa = PBXFileReference; fileEncoding = 4; lastKnownFileType = text; path = RoadPuzzle1.txt; sourceTree = "<group>"; };
		93CA8F631A00412E00B4B722 /* RoadGameController.h */ = {isa = PBXFileReference; fileEncoding = 4; lastKnownFileType = sourcecode.c.h; path = RoadGameController.h; sourceTree = "<group>"; };
		93CA8F641A00412E00B4B722 /* RoadGameController.m */ = {isa = PBXFileReference; fileEncoding = 4; lastKnownFileType = sourcecode.c.objc; path = RoadGameController.m; sourceTree = "<group>"; };
		93CA8F651A00412E00B4B722 /* RoadGameModel.h */ = {isa = PBXFileReference; fileEncoding = 4; lastKnownFileType = sourcecode.c.h; path = RoadGameModel.h; sourceTree = "<group>"; };
		93CA8F661A00412E00B4B722 /* RoadGameModel.m */ = {isa = PBXFileReference; fileEncoding = 4; lastKnownFileType = sourcecode.c.objc; path = RoadGameModel.m; sourceTree = "<group>"; };
		93CA8F671A00412E00B4B722 /* RoadGameView.h */ = {isa = PBXFileReference; fileEncoding = 4; lastKnownFileType = sourcecode.c.h; path = RoadGameView.h; sourceTree = "<group>"; };
		93CA8F681A00412E00B4B722 /* RoadGameView.m */ = {isa = PBXFileReference; fileEncoding = 4; lastKnownFileType = sourcecode.c.objc; path = RoadGameView.m; sourceTree = "<group>"; };
		93CA8F741A06C21D00B4B722 /* RoadGameTests.m */ = {isa = PBXFileReference; fileEncoding = 4; lastKnownFileType = sourcecode.c.objc; name = RoadGameTests.m; path = SilkRoadTests/RoadGameTests.m; sourceTree = SOURCE_ROOT; };
/* End PBXFileReference section */

/* Begin PBXFrameworksBuildPhase section */
		937AE89819E73A4500CEB0E7 /* Frameworks */ = {
			isa = PBXFrameworksBuildPhase;
			buildActionMask = 2147483647;
			files = (
				937AE8A119E73A4500CEB0E7 /* CoreGraphics.framework in Frameworks */,
				937AE8A319E73A4500CEB0E7 /* UIKit.framework in Frameworks */,
				937AE89F19E73A4500CEB0E7 /* Foundation.framework in Frameworks */,
			);
			runOnlyForDeploymentPostprocessing = 0;
		};
		937AE8B919E73A4500CEB0E7 /* Frameworks */ = {
			isa = PBXFrameworksBuildPhase;
			buildActionMask = 2147483647;
			files = (
				937AE8BE19E73A4500CEB0E7 /* XCTest.framework in Frameworks */,
				937AE8C019E73A4500CEB0E7 /* UIKit.framework in Frameworks */,
				937AE8BF19E73A4500CEB0E7 /* Foundation.framework in Frameworks */,
			);
			runOnlyForDeploymentPostprocessing = 0;
		};
/* End PBXFrameworksBuildPhase section */

/* Begin PBXGroup section */
		2628DEF419EF2AD1003487ED /* Minigame Files */ = {
			isa = PBXGroup;
			children = (
				937AE8F319F47A3B00CEB0E7 /* RoadPuzzle1.txt */,
				2628DEF519EF2DD8003487ED /* MatchingGamePhrases.txt */,
			);
			name = "Minigame Files";
			sourceTree = "<group>";
		};
		937AE89219E73A4500CEB0E7 = {
			isa = PBXGroup;
			children = (
				937AE8A419E73A4500CEB0E7 /* SilkRoad */,
				937AE8C319E73A4500CEB0E7 /* SilkRoadTests */,
				937AE89D19E73A4500CEB0E7 /* Frameworks */,
				937AE89C19E73A4500CEB0E7 /* Products */,
			);
			sourceTree = "<group>";
		};
		937AE89C19E73A4500CEB0E7 /* Products */ = {
			isa = PBXGroup;
			children = (
				937AE89B19E73A4500CEB0E7 /* SilkRoad.app */,
				937AE8BC19E73A4500CEB0E7 /* SilkRoadTests.xctest */,
			);
			name = Products;
			sourceTree = "<group>";
		};
		937AE89D19E73A4500CEB0E7 /* Frameworks */ = {
			isa = PBXGroup;
			children = (
				937AE89E19E73A4500CEB0E7 /* Foundation.framework */,
				937AE8A019E73A4500CEB0E7 /* CoreGraphics.framework */,
				937AE8A219E73A4500CEB0E7 /* UIKit.framework */,
				937AE8BD19E73A4500CEB0E7 /* XCTest.framework */,
			);
			name = Frameworks;
			sourceTree = "<group>";
		};
		937AE8A419E73A4500CEB0E7 /* SilkRoad */ = {
			isa = PBXGroup;
			children = (
				937AE8AD19E73A4500CEB0E7 /* AppDelegate.h */,
				51D9447819F8CC6E00335978 /* Character.h */,
				51D9447919F8CC6E00335978 /* Character.m */,
				937AE8AE19E73A4500CEB0E7 /* AppDelegate.m */,
				937AE8B019E73A4500CEB0E7 /* Main.storyboard */,
				937AE8B619E73A4500CEB0E7 /* Images.xcassets */,
				937AE8A519E73A4500CEB0E7 /* Supporting Files */,
				2692B37619E995E300EE08F8 /* ViewController.h */,
				7FF6C79319F6F58B00CA4D19 /* House.h */,
				7FF6C79419F6F58B00CA4D19 /* House.m */,
				2692B35B19E84D3200EE08F8 /* StageController.h */,
				2692B35E19E84D4700EE08F8 /* StageView.h */,
				2692B35F19E84D4700EE08F8 /* StageView.m */,
				2692B37719E995E300EE08F8 /* ViewController.m */,
				2692B35C19E84D3200EE08F8 /* StageController.m */,
				2692B36119E84D8200EE08F8 /* StageModel.h */,
				2692B36219E84D8200EE08F8 /* StageModel.m */,
				261E658119F978B200D12027 /* MainMenuView.h */,
				261E658219F978B200D12027 /* MainMenuView.m */,
				2692B36419E84DAE00EE08F8 /* InteriorModel.h */,
				2692B36519E84DAE00EE08F8 /* InteriorModel.m */,
				2692B36719E84DCF00EE08F8 /* InteriorController.h */,
				2692B36819E84DD000EE08F8 /* InteriorController.m */,
				2692B36A19E84DE200EE08F8 /* InteriorView.h */,
				2692B36B19E84DE200EE08F8 /* InteriorView.m */,
				26643E771A059FB400C50B72 /* ScalesGameController.h */,
				26643E781A059FB400C50B72 /* ScalesGameController.m */,
				26643E791A059FB400C50B72 /* ScalesGameModel.h */,
				26643E7A1A059FB400C50B72 /* ScalesGameModel.m */,
				26643E7B1A059FB400C50B72 /* ScalesGameView.h */,
				26643E7C1A059FB400C50B72 /* ScalesGameView.m */,
				261E657E19F89ADB00D12027 /* ScalesGameCoin.h */,
				261E657F19F89ADB00D12027 /* ScalesGameCoin.m */,
				2692B36D19E84DF100EE08F8 /* MapView.h */,
				2692B36E19E84DF100EE08F8 /* MapView.m */,
				2692B37019E84E1300EE08F8 /* ProgressView.h */,
				2692B37119E84E1300EE08F8 /* ProgressView.m */,
				937AE8DC19E9A8C300CEB0E7 /* MatchingGameController.h */,
				937AE8DD19E9A8C300CEB0E7 /* MatchingGameController.m */,
				937AE8DE19E9A8C300CEB0E7 /* MatchingGameModel.h */,
				937AE8DF19E9A8C300CEB0E7 /* MatchingGameModel.m */,
				937AE8E019E9A8C300CEB0E7 /* MatchingGameView.h */,
				937AE8E119E9A8C300CEB0E7 /* MatchingGameView.m */,
				93CA8F631A00412E00B4B722 /* RoadGameController.h */,
				93CA8F641A00412E00B4B722 /* RoadGameController.m */,
				93CA8F651A00412E00B4B722 /* RoadGameModel.h */,
				93CA8F661A00412E00B4B722 /* RoadGameModel.m */,
				93CA8F671A00412E00B4B722 /* RoadGameView.h */,
				93CA8F681A00412E00B4B722 /* RoadGameView.m */,
				2628DEF119EF2AB9003487ED /* TemplateIcon2x.png */,
			);
			path = SilkRoad;
			sourceTree = "<group>";
		};
		937AE8A519E73A4500CEB0E7 /* Supporting Files */ = {
			isa = PBXGroup;
			children = (
				937AE8A619E73A4500CEB0E7 /* SilkRoad-Info.plist */,
				937AE8A719E73A4500CEB0E7 /* InfoPlist.strings */,
				937AE8AA19E73A4500CEB0E7 /* main.m */,
				937AE8AC19E73A4500CEB0E7 /* SilkRoad-Prefix.pch */,
				937AE8E519F0505B00CEB0E7 /* Dialogue.txt */,
				7FEFF16D1A02B8D000231C13 /* stage0.txt */,
				2628DEF419EF2AD1003487ED /* Minigame Files */,
			);
			name = "Supporting Files";
			sourceTree = "<group>";
		};
		937AE8C319E73A4500CEB0E7 /* SilkRoadTests */ = {
			isa = PBXGroup;
			children = (
				93CA8F741A06C21D00B4B722 /* RoadGameTests.m */,
				937AE8C919E73A4500CEB0E7 /* SilkRoadTests.m */,
				7FDFDB6A1A05906400D7EEE3 /* StageTests.m */,
				7F85AA141A0590FC00B687E8 /* InteriorTests.m */,
				937AE8C419E73A4500CEB0E7 /* Supporting Files */,
			);
			path = SilkRoadTests;
			sourceTree = "<group>";
		};
		937AE8C419E73A4500CEB0E7 /* Supporting Files */ = {
			isa = PBXGroup;
			children = (
				937AE8C519E73A4500CEB0E7 /* SilkRoadTests-Info.plist */,
				937AE8C619E73A4500CEB0E7 /* InfoPlist.strings */,
			);
			name = "Supporting Files";
			sourceTree = "<group>";
		};
/* End PBXGroup section */

/* Begin PBXNativeTarget section */
		937AE89A19E73A4500CEB0E7 /* SilkRoad */ = {
			isa = PBXNativeTarget;
			buildConfigurationList = 937AE8CD19E73A4500CEB0E7 /* Build configuration list for PBXNativeTarget "SilkRoad" */;
			buildPhases = (
				937AE89719E73A4500CEB0E7 /* Sources */,
				937AE89819E73A4500CEB0E7 /* Frameworks */,
				937AE89919E73A4500CEB0E7 /* Resources */,
			);
			buildRules = (
			);
			dependencies = (
			);
			name = SilkRoad;
			productName = SilkRoad;
			productReference = 937AE89B19E73A4500CEB0E7 /* SilkRoad.app */;
			productType = "com.apple.product-type.application";
		};
		937AE8BB19E73A4500CEB0E7 /* SilkRoadTests */ = {
			isa = PBXNativeTarget;
			buildConfigurationList = 937AE8D019E73A4500CEB0E7 /* Build configuration list for PBXNativeTarget "SilkRoadTests" */;
			buildPhases = (
				937AE8B819E73A4500CEB0E7 /* Sources */,
				937AE8B919E73A4500CEB0E7 /* Frameworks */,
				937AE8BA19E73A4500CEB0E7 /* Resources */,
			);
			buildRules = (
			);
			dependencies = (
				937AE8C219E73A4500CEB0E7 /* PBXTargetDependency */,
			);
			name = SilkRoadTests;
			productName = SilkRoadTests;
			productReference = 937AE8BC19E73A4500CEB0E7 /* SilkRoadTests.xctest */;
			productType = "com.apple.product-type.bundle.unit-test";
		};
/* End PBXNativeTarget section */

/* Begin PBXProject section */
		937AE89319E73A4500CEB0E7 /* Project object */ = {
			isa = PBXProject;
			attributes = {
				LastUpgradeCheck = 0510;
				ORGANIZATIONNAME = "Kate Finlay, Melissa Galonsky, Rachel Macfarlane, and Sarah Trisorus";
				TargetAttributes = {
					937AE8BB19E73A4500CEB0E7 = {
						TestTargetID = 937AE89A19E73A4500CEB0E7;
					};
				};
			};
			buildConfigurationList = 937AE89619E73A4500CEB0E7 /* Build configuration list for PBXProject "SilkRoad" */;
			compatibilityVersion = "Xcode 3.2";
			developmentRegion = English;
			hasScannedForEncodings = 0;
			knownRegions = (
				en,
				Base,
			);
			mainGroup = 937AE89219E73A4500CEB0E7;
			productRefGroup = 937AE89C19E73A4500CEB0E7 /* Products */;
			projectDirPath = "";
			projectRoot = "";
			targets = (
				937AE89A19E73A4500CEB0E7 /* SilkRoad */,
				937AE8BB19E73A4500CEB0E7 /* SilkRoadTests */,
			);
		};
/* End PBXProject section */

/* Begin PBXResourcesBuildPhase section */
		937AE89919E73A4500CEB0E7 /* Resources */ = {
			isa = PBXResourcesBuildPhase;
			buildActionMask = 2147483647;
			files = (
				937AE8E619F0505B00CEB0E7 /* Dialogue.txt in Resources */,
				2628DEF319EF2AB9003487ED /* TemplateIcon2x.png in Resources */,
				2628DEF619EF2DD8003487ED /* MatchingGamePhrases.txt in Resources */,
				937AE8F419F47A3B00CEB0E7 /* RoadPuzzle1.txt in Resources */,
				7FEFF16E1A02B8D000231C13 /* stage0.txt in Resources */,
				937AE8B719E73A4500CEB0E7 /* Images.xcassets in Resources */,
				937AE8A919E73A4500CEB0E7 /* InfoPlist.strings in Resources */,
				937AE8B219E73A4500CEB0E7 /* Main.storyboard in Resources */,
			);
			runOnlyForDeploymentPostprocessing = 0;
		};
		937AE8BA19E73A4500CEB0E7 /* Resources */ = {
			isa = PBXResourcesBuildPhase;
			buildActionMask = 2147483647;
			files = (
				937AE8C819E73A4500CEB0E7 /* InfoPlist.strings in Resources */,
			);
			runOnlyForDeploymentPostprocessing = 0;
		};
/* End PBXResourcesBuildPhase section */

/* Begin PBXSourcesBuildPhase section */
		937AE89719E73A4500CEB0E7 /* Sources */ = {
			isa = PBXSourcesBuildPhase;
			buildActionMask = 2147483647;
			files = (
				2692B36319E84D8200EE08F8 /* StageModel.m in Sources */,
				2692B35D19E84D3200EE08F8 /* StageController.m in Sources */,
				2692B36019E84D4700EE08F8 /* StageView.m in Sources */,
				26643E7F1A059FB400C50B72 /* ScalesGameView.m in Sources */,
				93CA8F6A1A00412E00B4B722 /* RoadGameModel.m in Sources */,
				26643E7D1A059FB400C50B72 /* ScalesGameController.m in Sources */,
				93CA8F691A00412E00B4B722 /* RoadGameController.m in Sources */,
				7FF6C79519F6F58B00CA4D19 /* House.m in Sources */,
				2692B36C19E84DE200EE08F8 /* InteriorView.m in Sources */,
				937AE8E219E9A8C300CEB0E7 /* MatchingGameController.m in Sources */,
				2692B36619E84DAE00EE08F8 /* InteriorModel.m in Sources */,
				2692B37819E995E300EE08F8 /* ViewController.m in Sources */,
				51D9447A19F8CC6E00335978 /* Character.m in Sources */,
				261E658319F978B200D12027 /* MainMenuView.m in Sources */,
				937AE8E419E9A8C300CEB0E7 /* MatchingGameView.m in Sources */,
				937AE8E319E9A8C300CEB0E7 /* MatchingGameModel.m in Sources */,
				93CA8F6B1A00412E00B4B722 /* RoadGameView.m in Sources */,
				937AE8AF19E73A4500CEB0E7 /* AppDelegate.m in Sources */,
				261E658019F89ADB00D12027 /* ScalesGameCoin.m in Sources */,
				26643E7E1A059FB400C50B72 /* ScalesGameModel.m in Sources */,
				937AE8AB19E73A4500CEB0E7 /* main.m in Sources */,
				2692B36919E84DD000EE08F8 /* InteriorController.m in Sources */,
				2692B37219E84E1300EE08F8 /* ProgressView.m in Sources */,
				2692B36F19E84DF100EE08F8 /* MapView.m in Sources */,
			);
			runOnlyForDeploymentPostprocessing = 0;
		};
		937AE8B819E73A4500CEB0E7 /* Sources */ = {
			isa = PBXSourcesBuildPhase;
			buildActionMask = 2147483647;
			files = (
				7FDFDB6B1A05906400D7EEE3 /* StageTests.m in Sources */,
				93CA8F751A06C21D00B4B722 /* RoadGameTests.m in Sources */,
				937AE8CA19E73A4500CEB0E7 /* SilkRoadTests.m in Sources */,
				7F85AA151A0590FC00B687E8 /* InteriorTests.m in Sources */,
			);
			runOnlyForDeploymentPostprocessing = 0;
		};
/* End PBXSourcesBuildPhase section */

/* Begin PBXTargetDependency section */
		937AE8C219E73A4500CEB0E7 /* PBXTargetDependency */ = {
			isa = PBXTargetDependency;
			target = 937AE89A19E73A4500CEB0E7 /* SilkRoad */;
			targetProxy = 937AE8C119E73A4500CEB0E7 /* PBXContainerItemProxy */;
		};
/* End PBXTargetDependency section */

/* Begin PBXVariantGroup section */
		937AE8A719E73A4500CEB0E7 /* InfoPlist.strings */ = {
			isa = PBXVariantGroup;
			children = (
				937AE8A819E73A4500CEB0E7 /* en */,
			);
			name = InfoPlist.strings;
			sourceTree = "<group>";
		};
		937AE8B019E73A4500CEB0E7 /* Main.storyboard */ = {
			isa = PBXVariantGroup;
			children = (
				937AE8B119E73A4500CEB0E7 /* Base */,
			);
			name = Main.storyboard;
			sourceTree = "<group>";
		};
		937AE8C619E73A4500CEB0E7 /* InfoPlist.strings */ = {
			isa = PBXVariantGroup;
			children = (
				937AE8C719E73A4500CEB0E7 /* en */,
			);
			name = InfoPlist.strings;
			sourceTree = "<group>";
		};
/* End PBXVariantGroup section */

/* Begin XCBuildConfiguration section */
		937AE8CB19E73A4500CEB0E7 /* Debug */ = {
			isa = XCBuildConfiguration;
			buildSettings = {
				ALWAYS_SEARCH_USER_PATHS = NO;
				CLANG_CXX_LANGUAGE_STANDARD = "gnu++0x";
				CLANG_CXX_LIBRARY = "libc++";
				CLANG_ENABLE_MODULES = YES;
				CLANG_ENABLE_OBJC_ARC = YES;
				CLANG_WARN_BOOL_CONVERSION = YES;
				CLANG_WARN_CONSTANT_CONVERSION = YES;
				CLANG_WARN_DIRECT_OBJC_ISA_USAGE = YES_ERROR;
				CLANG_WARN_EMPTY_BODY = YES;
				CLANG_WARN_ENUM_CONVERSION = YES;
				CLANG_WARN_INT_CONVERSION = YES;
				CLANG_WARN_OBJC_ROOT_CLASS = YES_ERROR;
				CLANG_WARN__DUPLICATE_METHOD_MATCH = YES;
				"CODE_SIGN_IDENTITY[sdk=iphoneos*]" = "iPhone Developer";
				COPY_PHASE_STRIP = NO;
				GCC_C_LANGUAGE_STANDARD = gnu99;
				GCC_DYNAMIC_NO_PIC = NO;
				GCC_OPTIMIZATION_LEVEL = 0;
				GCC_PREPROCESSOR_DEFINITIONS = (
					"DEBUG=1",
					"$(inherited)",
				);
				GCC_SYMBOLS_PRIVATE_EXTERN = NO;
				GCC_WARN_64_TO_32_BIT_CONVERSION = YES;
				GCC_WARN_ABOUT_RETURN_TYPE = YES_ERROR;
				GCC_WARN_UNDECLARED_SELECTOR = YES;
				GCC_WARN_UNINITIALIZED_AUTOS = YES_AGGRESSIVE;
				GCC_WARN_UNUSED_FUNCTION = YES;
				GCC_WARN_UNUSED_VARIABLE = YES;
				IPHONEOS_DEPLOYMENT_TARGET = 7.1;
				ONLY_ACTIVE_ARCH = YES;
				SDKROOT = iphoneos;
				TARGETED_DEVICE_FAMILY = 2;
			};
			name = Debug;
		};
		937AE8CC19E73A4500CEB0E7 /* Release */ = {
			isa = XCBuildConfiguration;
			buildSettings = {
				ALWAYS_SEARCH_USER_PATHS = NO;
				CLANG_CXX_LANGUAGE_STANDARD = "gnu++0x";
				CLANG_CXX_LIBRARY = "libc++";
				CLANG_ENABLE_MODULES = YES;
				CLANG_ENABLE_OBJC_ARC = YES;
				CLANG_WARN_BOOL_CONVERSION = YES;
				CLANG_WARN_CONSTANT_CONVERSION = YES;
				CLANG_WARN_DIRECT_OBJC_ISA_USAGE = YES_ERROR;
				CLANG_WARN_EMPTY_BODY = YES;
				CLANG_WARN_ENUM_CONVERSION = YES;
				CLANG_WARN_INT_CONVERSION = YES;
				CLANG_WARN_OBJC_ROOT_CLASS = YES_ERROR;
				CLANG_WARN__DUPLICATE_METHOD_MATCH = YES;
				"CODE_SIGN_IDENTITY[sdk=iphoneos*]" = "iPhone Developer";
				COPY_PHASE_STRIP = YES;
				ENABLE_NS_ASSERTIONS = NO;
				GCC_C_LANGUAGE_STANDARD = gnu99;
				GCC_WARN_64_TO_32_BIT_CONVERSION = YES;
				GCC_WARN_ABOUT_RETURN_TYPE = YES_ERROR;
				GCC_WARN_UNDECLARED_SELECTOR = YES;
				GCC_WARN_UNINITIALIZED_AUTOS = YES_AGGRESSIVE;
				GCC_WARN_UNUSED_FUNCTION = YES;
				GCC_WARN_UNUSED_VARIABLE = YES;
				IPHONEOS_DEPLOYMENT_TARGET = 7.1;
				SDKROOT = iphoneos;
				TARGETED_DEVICE_FAMILY = 2;
				VALIDATE_PRODUCT = YES;
			};
			name = Release;
		};
		937AE8CE19E73A4500CEB0E7 /* Debug */ = {
			isa = XCBuildConfiguration;
			buildSettings = {
				ASSETCATALOG_COMPILER_APPICON_NAME = AppIcon;
				ASSETCATALOG_COMPILER_LAUNCHIMAGE_NAME = LaunchImage;
				GCC_PRECOMPILE_PREFIX_HEADER = YES;
				GCC_PREFIX_HEADER = "SilkRoad/SilkRoad-Prefix.pch";
				INFOPLIST_FILE = "SilkRoad/SilkRoad-Info.plist";
				PRODUCT_NAME = "$(TARGET_NAME)";
				WRAPPER_EXTENSION = app;
			};
			name = Debug;
		};
		937AE8CF19E73A4500CEB0E7 /* Release */ = {
			isa = XCBuildConfiguration;
			buildSettings = {
				ASSETCATALOG_COMPILER_APPICON_NAME = AppIcon;
				ASSETCATALOG_COMPILER_LAUNCHIMAGE_NAME = LaunchImage;
				GCC_PRECOMPILE_PREFIX_HEADER = YES;
				GCC_PREFIX_HEADER = "SilkRoad/SilkRoad-Prefix.pch";
				INFOPLIST_FILE = "SilkRoad/SilkRoad-Info.plist";
				PRODUCT_NAME = "$(TARGET_NAME)";
				WRAPPER_EXTENSION = app;
			};
			name = Release;
		};
		937AE8D119E73A4500CEB0E7 /* Debug */ = {
			isa = XCBuildConfiguration;
			buildSettings = {
				BUNDLE_LOADER = "$(BUILT_PRODUCTS_DIR)/SilkRoad.app/SilkRoad";
				FRAMEWORK_SEARCH_PATHS = (
					"$(SDKROOT)/Developer/Library/Frameworks",
					"$(inherited)",
					"$(DEVELOPER_FRAMEWORKS_DIR)",
				);
				GCC_PRECOMPILE_PREFIX_HEADER = YES;
				GCC_PREFIX_HEADER = "SilkRoad/SilkRoad-Prefix.pch";
				GCC_PREPROCESSOR_DEFINITIONS = (
					"DEBUG=1",
					"$(inherited)",
				);
				INFOPLIST_FILE = "SilkRoadTests/SilkRoadTests-Info.plist";
				PRODUCT_NAME = "$(TARGET_NAME)";
				TEST_HOST = "$(BUNDLE_LOADER)";
				WRAPPER_EXTENSION = xctest;
			};
			name = Debug;
		};
		937AE8D219E73A4500CEB0E7 /* Release */ = {
			isa = XCBuildConfiguration;
			buildSettings = {
				BUNDLE_LOADER = "$(BUILT_PRODUCTS_DIR)/SilkRoad.app/SilkRoad";
				FRAMEWORK_SEARCH_PATHS = (
					"$(SDKROOT)/Developer/Library/Frameworks",
					"$(inherited)",
					"$(DEVELOPER_FRAMEWORKS_DIR)",
				);
				GCC_PRECOMPILE_PREFIX_HEADER = YES;
				GCC_PREFIX_HEADER = "SilkRoad/SilkRoad-Prefix.pch";
				INFOPLIST_FILE = "SilkRoadTests/SilkRoadTests-Info.plist";
				PRODUCT_NAME = "$(TARGET_NAME)";
				TEST_HOST = "$(BUNDLE_LOADER)";
				WRAPPER_EXTENSION = xctest;
			};
			name = Release;
		};
/* End XCBuildConfiguration section */

/* Begin XCConfigurationList section */
		937AE89619E73A4500CEB0E7 /* Build configuration list for PBXProject "SilkRoad" */ = {
			isa = XCConfigurationList;
			buildConfigurations = (
				937AE8CB19E73A4500CEB0E7 /* Debug */,
				937AE8CC19E73A4500CEB0E7 /* Release */,
			);
			defaultConfigurationIsVisible = 0;
			defaultConfigurationName = Release;
		};
		937AE8CD19E73A4500CEB0E7 /* Build configuration list for PBXNativeTarget "SilkRoad" */ = {
			isa = XCConfigurationList;
			buildConfigurations = (
				937AE8CE19E73A4500CEB0E7 /* Debug */,
				937AE8CF19E73A4500CEB0E7 /* Release */,
			);
			defaultConfigurationIsVisible = 0;
			defaultConfigurationName = Release;
		};
		937AE8D019E73A4500CEB0E7 /* Build configuration list for PBXNativeTarget "SilkRoadTests" */ = {
			isa = XCConfigurationList;
			buildConfigurations = (
				937AE8D119E73A4500CEB0E7 /* Debug */,
				937AE8D219E73A4500CEB0E7 /* Release */,
			);
			defaultConfigurationIsVisible = 0;
			defaultConfigurationName = Release;
		};
/* End XCConfigurationList section */
	};
	rootObject = 937AE89319E73A4500CEB0E7 /* Project object */;
}
